Microsoft Visual Studio Solution File, Format Version 12.00
# Visual Studio 2012
Project("{FAE04EC0-301F-11D3-BF4B-00C04F79EFBC}") = "Nieve1", "Nieve1.csproj", "{2F93C207-D925-48C7-9B8C-35B64B51BEF0}"
EndProject
Global
	GlobalSection(SolutionConfigurationPlatforms) = preSolution
	Debug|Any CPU = Debug|Any CPU
	ExportDebug|Any CPU = ExportDebug|Any CPU
	ExportRelease|Any CPU = ExportRelease|Any CPU
	EndGlobalSection
	GlobalSection(ProjectConfigurationPlatforms) = postSolution
		{2F93C207-D925-48C7-9B8C-35B64B51BEF0}.Debug|Any CPU.ActiveCfg = Debug|Any CPU
		{2F93C207-D925-48C7-9B8C-35B64B51BEF0}.Debug|Any CPU.Build.0 = Debug|Any CPU
		{2F93C207-D925-48C7-9B8C-35B64B51BEF0}.ExportDebug|Any CPU.ActiveCfg = ExportDebug|Any CPU
		{2F93C207-D925-48C7-9B8C-35B64B51BEF0}.ExportDebug|Any CPU.Build.0 = ExportDebug|Any CPU
		{2F93C207-D925-48C7-9B8C-35B64B51BEF0}.ExportRelease|Any CPU.ActiveCfg = ExportRelease|Any CPU
		{2F93C207-D925-48C7-9B8C-35B64B51BEF0}.ExportRelease|Any CPU.Build.0 = ExportRelease|Any CPU
	EndGlobalSection
EndGlobal
